Microsoft Visual Studio Solution File, Format Version 12.00
# Visual Studio Version 17
VisualStudioVersion = 17.0.31919.166
MinimumVisualStudioVersion = 10.0.40219.1
Project("{FAE04EC0-301F-11D3-BF4B-00C04F79EFBC}") = "BeneficiosPlataforma.Domain", "src\BeneficiosPlataforma.Domain\BeneficiosPlataforma.Domain.csproj", "{E07D7647-9AA5-B6CA-BC31-77B4200E4C85}"
EndProject
Project("{FAE04EC0-301F-11D3-BF4B-00C04F79EFBC}") = "BeneficiosPlataforma.API", "src\BeneficiosPlataforma.API\BeneficiosPlataforma.API.csproj", "{A4DE2DBD-8B9C-010C-ACDE-96DF6C8C2511}"
EndProject
Global
	GlobalSection(SolutionConfigurationPlatforms) = preSolution
		Debug|Any CPU = Debug|Any CPU
		Release|Any CPU = Release|Any CPU
	EndGlobalSection
	GlobalSection(SolutionProperties) = preSolution
		HideSolutionNode = FALSE
	EndGlobalSection
EndGlobal
